<?xml version="1.0" encoding="UTF-8" standalone="yes" ?>
<CodeBlocks_project_file>
	<FileVersion major="1" minor="6" />
	<Project>
		<Option title="Panic Simulation" />
		<Option pch_mode="2" />
		<Option compiler="gcc" />
		<Build>
			<Target title="Release">
				<Option output="Panic Simulation" prefix_auto="1" extension_auto="1" />
				<Option object_output="obj/" />
				<Option type="1" />
				<Option compiler="gcc" />
				<Compiler>
					<Add option="-O2" />
				</Compiler>
			</Target>
		</Build>
		<Compiler>
			<Add option="-Wall" />
			<Add directory="C:/SDL2-2.0.1/i686-w64-mingw32/include/SDL2" />
			<Add directory="C:/Users/Diederik/Downloads/SDL2-2.0.3/i686-w64-mingw32/include/SDL2" />
		</Compiler>
		<Linker>
			<Add option="-lmingw32 -lSDL2main -lSDL2 -lSDL2_image -lSDL2_ttf -pg" />
			<Add directory="C:/SDL2-2.0.1/i686-w64-mingw32/lib" />
			<Add directory="C:/Users/Diederik/Downloads/SDL2-2.0.3/i686-w64-mingw32/lib" />
		</Linker>
		<Unit filename="src/functions.cpp" />
		<Unit filename="src/functions.h" />
		<Unit filename="src/main.cpp" />
		<Unit filename="src/main.h" />
		<Unit filename="src/master.cpp" />
		<Unit filename="src/master.h" />
		<Unit filename="src/simulation.cpp" />
		<Unit filename="src/simulation.h" />
		<Unit filename="src/structs.h" />
		<Unit filename="src/timer.cpp" />
		<Unit filename="src/timer.h" />
		<Unit filename="src/ui.cpp" />
		<Unit filename="src/ui.h" />
		<Extensions>
			<code_completion />
			<envvars />
			<debugger />
			<lib_finder disable_auto="1" />
		</Extensions>
	</Project>
</CodeBlocks_project_file>
